lockfileVersion: '6.0'

settings:
  autoInstallPeers: true
  excludeLinksFromLockfile: false

dependencies:
  '@hono/zod-validator':
    specifier: ^0.1.9
    version: 0.1.11(hono@3.9.1)(zod@3.22.4)
  '@vercel/kv':
    specifier: ^0.2.3
    version: 0.2.4
  hono:
    specifier: ^3.7.3
    version: 3.9.1
  zod:
    specifier: ^3.22.2
    version: 3.22.4

devDependencies:
  '@types/node':
    specifier: ^20.8.0
    version: 20.8.10

packages:

  /@hono/zod-validator@0.1.11(hono@3.9.1)(zod@3.22.4):
    resolution: {integrity: sha512-PQXeHUP0+36qpRt8yfeD7N2jbK3ETlGvSN6dMof/HwUC/APRokQRjpXZm4rrlG71Ft0aWE01+Bm4XejqPie5Uw==}
    peerDependencies:
      hono: '>=3.9.0'
      zod: ^3.19.1
    dependencies:
      hono: 3.9.1
      zod: 3.22.4
    dev: false

  /@types/node@20.8.10:
    resolution: {integrity: sha512-TlgT8JntpcbmKUFzjhsyhGfP2fsiz1Mv56im6enJ905xG1DAYesxJaeSbGqQmAw8OWPdhyJGhGSQGKRNJ45u9w==}
    dependencies:
      undici-types: 5.26.5
    dev: true

  /@upstash/redis@1.24.3:
    resolution: {integrity: sha512-gw6d4IA1biB4eye5ESaXc0zOlVQI94aptsBvVcTghYWu1kRmOrJFoMFEDCa8p5uzluyYAOFCuY2GWLR6O4ZoIw==}
    dependencies:
      crypto-js: 4.2.0
    dev: false

  /@vercel/kv@0.2.4:
    resolution: {integrity: sha512-wbIOOXhg6MzmNMzKFSWbbLAS65hCZcJN33z1coENzI1M0fOX55yE9v9LwVGqkzdItp3eZsv6pYvwcmGtllyLTw==}
    engines: {node: '>=14.6'}
    dependencies:
      '@upstash/redis': 1.24.3
    dev: false

  /crypto-js@4.2.0:
    resolution: {integrity: sha512-KALDyEYgpY+Rlob/iriUtjV6d5Eq+Y191A5g4UqLAi8CyGP9N1+FdVbkc1SxKc2r4YAYqG8JzO2KGL+AizD70Q==}
    dev: false

  /hono@3.9.1:
    resolution: {integrity: sha512-z3nM9CjNZ8PRAH6NNntk4ESKW2POEbGanhK1QpYdQ1MOYRzZPSEE8B5mqw8bYEPa7qIQxX0vtlv7XOxtwFbosg==}
    engines: {node: '>=16.0.0'}
    dev: false

  /undici-types@5.26.5:
    resolution: {integrity: sha512-JlCMO+ehdEIKqlFxk6IfVoAUVmgz7cU7zD/h9XZ0qzeosSHmUJVOzSQvvYSYWXkFXC+IfLKSIffhv0sVZup6pA==}
    dev: true

  /zod@3.22.4:
    resolution: {integrity: sha512-iC+8Io04lddc+mVqQ9AZ7OQ2MrUKGN+oIQyq1vemgt46jwCwLfhq7/pwnBnNXXXZb8VTVLKwp9EDkx+ryxIWmg==}
    dev: false
